// !$*UTF8*$!
{
	archiveVersion = 1;
	classes = {
	};
	objectVersion = 50;
	objects = {

/* Begin PBXBuildFile section */
		2048596126E313B90093314F /* Icon.png in Resources */ = {isa = PBXBuildFile; fileRef = 2048595D26E313B90093314F /* Icon.png */; };
		2048596226E313B90093314F /* iOS Launch Screen.storyboard in Resources */ = {isa = PBXBuildFile; fileRef = 2048595E26E313B90093314F /* iOS Launch Screen.storyboard */; };
		2048596326E313B90093314F /* Default.png in Resources */ = {isa = PBXBuildFile; fileRef = 2048595F26E313B90093314F /* Default.png */; };
		2048596726E315DC0093314F /* AudioToolbox.framework in Frameworks */ = {isa = PBXBuildFile; fileRef = 2048596626E315DB0093314F /* AudioToolbox.framework */; };
		2048596926E315E50093314F /* AVFoundation.framework in Frameworks */ = {isa = PBXBuildFile; fileRef = 2048596826E315E50093314F /* AVFoundation.framework */; };
		2048596B26E315F80093314F /* CoreAudio.framework in Frameworks */ = {isa = PBXBuildFile; fileRef = 2048596A26E315F80093314F /* CoreAudio.framework */; };
		2048596D26E316020093314F /* CoreGraphics.framework in Frameworks */ = {isa = PBXBuildFile; fileRef = 2048596C26E316020093314F /* CoreGraphics.framework */; };
		2048596F26E316150093314F /* CoreHaptics.framework in Frameworks */ = {isa = PBXBuildFile; fileRef = 2048596E26E316150093314F /* CoreHaptics.framework */; };
		2048597126E3162E0093314F /* CoreMotion.framework in Frameworks */ = {isa = PBXBuildFile; fileRef = 2048597026E3162E0093314F /* CoreMotion.framework */; };
		2048597326E316350093314F /* Foundation.framework in Frameworks */ = {isa = PBXBuildFile; fileRef = 2048597226E316350093314F /* Foundation.framework */; };
		2048597526E3164A0093314F /* GameController.framework in Frameworks */ = {isa = PBXBuildFile; fileRef = 2048597426E3164A0093314F /* GameController.framework */; };
		2048597726E316640093314F /* Metal.framework in Frameworks */ = {isa = PBXBuildFile; fileRef = 2048597626E316640093314F /* Metal.framework */; };
		2048597B26E3167C0093314F /* QuartzCore.framework in Frameworks */ = {isa = PBXBuildFile; fileRef = 2048597A26E3167C0093314F /* QuartzCore.framework */; };
		2048597D26E316820093314F /* UIKit.framework in Frameworks */ = {isa = PBXBuildFile; fileRef = 2048597C26E316820093314F /* UIKit.framework */; };
		2048598526E319220093314F /* Default-568h@2x.png in Resources */ = {isa = PBXBuildFile; fileRef = 2048598426E319220093314F /* Default-568h@2x.png */; };
		2048598726E319570093314F /* OpenGLES.framework in Frameworks */ = {isa = PBXBuildFile; fileRef = 2048597826E3166D0093314F /* OpenGLES.framework */; };
		204859B326E31B640093314F /* libSDL2.a in Frameworks */ = {isa = PBXBuildFile; fileRef = 204859A226E31B260093314F /* libSDL2.a */; };
		204859E826E324840093314F /* libSDL2_net.a in Frameworks */ = {isa = PBXBuildFile; fileRef = 204859DC26E322360093314F /* libSDL2_net.a */; };
		204859E926E3248E0093314F /* libSDL2_image.a in Frameworks */ = {isa = PBXBuildFile; fileRef = 204859E526E324490093314F /* libSDL2_image.a */; };
		20485A0026E325070093314F /* libSDL2_mixer.a in Frameworks */ = {isa = PBXBuildFile; fileRef = 204859F226E324B60093314F /* libSDL2_mixer.a */; };
		20485A0126E325070093314F /* libSDL2_ttf.a in Frameworks */ = {isa = PBXBuildFile; fileRef = 204859FD26E324E90093314F /* libSDL2_ttf.a */; };
		20485A3426E3263E0093314F /* game.c in Sources */ = {isa = PBXBuildFile; fileRef = 20485A1226E3263E0093314F /* game.c */; };
		20485A3526E3263E0093314F /* sprite.c in Sources */ = {isa = PBXBuildFile; fileRef = 20485A1326E3263E0093314F /* sprite.c */; };
		20485A3626E3263E0093314F /* bullet.c in Sources */ = {isa = PBXBuildFile; fileRef = 20485A1526E3263E0093314F /* bullet.c */; };
		20485A3726E3263E0093314F /* weapon.c in Sources */ = {isa = PBXBuildFile; fileRef = 20485A1626E3263E0093314F /* weapon.c */; };
		20485A3826E3263E0093314F /* res.c in Sources */ = {isa = PBXBuildFile; fileRef = 20485A1B26E3263E0093314F /* res.c */; };
		20485A3926E3263E0093314F /* storage.c in Sources */ = {isa = PBXBuildFile; fileRef = 20485A1C26E3263E0093314F /* storage.c */; };
		20485A3A26E3263E0093314F /* ai.c in Sources */ = {isa = PBXBuildFile; fileRef = 20485A1E26E3263E0093314F /* ai.c */; };
		20485A3B26E3263E0093314F /* render.c in Sources */ = {isa = PBXBuildFile; fileRef = 20485A2126E3263E0093314F /* render.c */; };
		20485A3C26E3263E0093314F /* helper.c in Sources */ = {isa = PBXBuildFile; fileRef = 20485A2326E3263E0093314F /* helper.c */; };
		20485A3D26E3263E0093314F /* main.c in Sources */ = {isa = PBXBuildFile; fileRef = 20485A2726E3263E0093314F /* main.c */; };
		20485A3E26E3263E0093314F /* prng.c in Sources */ = {isa = PBXBuildFile; fileRef = 20485A2826E3263E0093314F /* prng.c */; };
		20485A3F26E3263E0093314F /* types.c in Sources */ = {isa = PBXBuildFile; fileRef = 20485A2B26E3263E0093314F /* types.c */; };
		20485A4026E3263E0093314F /* map.c in Sources */ = {isa = PBXBuildFile; fileRef = 20485A2D26E3263E0093314F /* map.c */; };
		20485A4126E3263E0093314F /* net.c in Sources */ = {isa = PBXBuildFile; fileRef = 20485A2E26E3263E0093314F /* net.c */; };
		20485A4226E3263E0093314F /* ui.c in Sources */ = {isa = PBXBuildFile; fileRef = 20485A2F26E3263E0093314F /* ui.c */; };
		20485A4326E3263E0093314F /* audio.c in Sources */ = {isa = PBXBuildFile; fileRef = 20485A3026E3263E0093314F /* audio.c */; };
		20485A4426E3263E0093314F /* player.c in Sources */ = {isa = PBXBuildFile; fileRef = 20485A3226E3263E0093314F /* player.c */; };
		20485A4626E326520093314F /* res in Resources */ = {isa = PBXBuildFile; fileRef = 20485A4526E326520093314F /* res */; };
		20485A4826E329170093314F /* libc++.tbd in Frameworks */ = {isa = PBXBuildFile; fileRef = 20485A4726E328E70093314F /* libc++.tbd */; };
		20485A4A26E329F80093314F /* ImageIO.framework in Frameworks */ = {isa = PBXBuildFile; fileRef = 20485A4926E329F80093314F /* ImageIO.framework */; };
		20485A4E26E32B9D0093314F /* MobileCoreServices.framework in Frameworks */ = {isa = PBXBuildFile; fileRef = 20485A4D26E32B9D0093314F /* MobileCoreServices.framework */; };
/* End PBXBuildFile section */

/* Begin PBXContainerItemProxy section */
		2048599926E31B260093314F /* PBXContainerItemProxy */ = {
			isa = PBXContainerItemProxy;
			containerPortal = 2048598926E31B260093314F /* SDL.xcodeproj */;
			proxyType = 2;
			remoteGlobalIDString = BECDF66C0761BA81005FE872;
			remoteInfo = Framework;
		};
		2048599B26E31B260093314F /* PBXContainerItemProxy */ = {
			isa = PBXContainerItemProxy;
			containerPortal = 2048598926E31B260093314F /* SDL.xcodeproj */;
			proxyType = 2;
			remoteGlobalIDString = A7D88B5423E2437C00DCD162;
			remoteInfo = "Framework-iOS";
		};
		2048599D26E31B260093314F /* PBXContainerItemProxy */ = {
			isa = PBXContainerItemProxy;
			containerPortal = 2048598926E31B260093314F /* SDL.xcodeproj */;
			proxyType = 2;
			remoteGlobalIDString = A7D88D1523E24BED00DCD162;
			remoteInfo = "Framework-tvOS";
		};
		2048599F26E31B260093314F /* PBXContainerItemProxy */ = {
			isa = PBXContainerItemProxy;
			containerPortal = 2048598926E31B260093314F /* SDL.xcodeproj */;
			proxyType = 2;
			remoteGlobalIDString = BECDF6B30761BA81005FE872;
			remoteInfo = "Static Library";
		};
		204859A126E31B260093314F /* PBXContainerItemProxy */ = {
			isa = PBXContainerItemProxy;
			containerPortal = 2048598926E31B260093314F /* SDL.xcodeproj */;
			proxyType = 2;
			remoteGlobalIDString = A7D88E5423E24D3B00DCD162;
			remoteInfo = "Static Library-iOS";
		};
		204859A326E31B260093314F /* PBXContainerItemProxy */ = {
			isa = PBXContainerItemProxy;
			containerPortal = 2048598926E31B260093314F /* SDL.xcodeproj */;
			proxyType = 2;
			remoteGlobalIDString = A769B23D23E259AE00872273;
			remoteInfo = "Static Library-tvOS";
		};
		204859A526E31B260093314F /* PBXContainerItemProxy */ = {
			isa = PBXContainerItemProxy;
			containerPortal = 2048598926E31B260093314F /* SDL.xcodeproj */;
			proxyType = 2;
			remoteGlobalIDString = DB31407717554B71006C0E22;
			remoteInfo = "Shared Library";
		};
		204859A726E31B260093314F /* PBXContainerItemProxy */ = {
			isa = PBXContainerItemProxy;
			containerPortal = 2048598926E31B260093314F /* SDL.xcodeproj */;
			proxyType = 2;
			remoteGlobalIDString = A75FCEB323E25AB700529352;
			remoteInfo = "Shared Library-iOS";
		};
		204859A926E31B260093314F /* PBXContainerItemProxy */ = {
			isa = PBXContainerItemProxy;
			containerPortal = 2048598926E31B260093314F /* SDL.xcodeproj */;
			proxyType = 2;
			remoteGlobalIDString = A75FD06C23E25AC700529352;
			remoteInfo = "Shared Library-tvOS";
		};
		204859AB26E31B260093314F /* PBXContainerItemProxy */ = {
			isa = PBXContainerItemProxy;
			containerPortal = 2048598926E31B260093314F /* SDL.xcodeproj */;
			proxyType = 2;
			remoteGlobalIDString = BECDF6BE0761BA81005FE872;
			remoteInfo = "Standard DMG";
		};
		204859AD26E31B260093314F /* PBXContainerItemProxy */ = {
			isa = PBXContainerItemProxy;
			containerPortal = 2048598926E31B260093314F /* SDL.xcodeproj */;
			proxyType = 2;
			remoteGlobalIDString = A75FDB8C23E4C74400529352;
			remoteInfo = hidapi;
		};
		204859AF26E31B260093314F /* PBXContainerItemProxy */ = {
			isa = PBXContainerItemProxy;
			containerPortal = 2048598926E31B260093314F /* SDL.xcodeproj */;
			proxyType = 2;
			remoteGlobalIDString = A75FDB4923E399AC00529352;
			remoteInfo = "hidapi-iOS";
		};
		204859B126E31B260093314F /* PBXContainerItemProxy */ = {
			isa = PBXContainerItemProxy;
			containerPortal = 2048598926E31B260093314F /* SDL.xcodeproj */;
			proxyType = 2;
			remoteGlobalIDString = A75FDB6E23E3A2C900529352;
			remoteInfo = "hidapi-tvOS";
		};
		204859DB26E322360093314F /* PBXContainerItemProxy */ = {
			isa = PBXContainerItemProxy;
			containerPortal = 204859D726E322360093314F /* SDL_net.xcodeproj */;
			proxyType = 2;
			remoteGlobalIDString = BE48FF6F07AFA9A900BB41DA;
			remoteInfo = "Static Library";
		};
		204859E426E324490093314F /* PBXContainerItemProxy */ = {
			isa = PBXContainerItemProxy;
			containerPortal = 204859DD26E324490093314F /* SDL_image.xcodeproj */;
			proxyType = 2;
			remoteGlobalIDString = BE1FA74107AF4C45004B6283;
			remoteInfo = "libSDL_image-iOS";
		};
		204859E626E324490093314F /* PBXContainerItemProxy */ = {
			isa = PBXContainerItemProxy;
			containerPortal = 204859DD26E324490093314F /* SDL_image.xcodeproj */;
			proxyType = 2;
			remoteGlobalIDString = AA5314451FE0FA910025C9BE;
			remoteInfo = "libSDL_image-tvOS";
		};
		204859F126E324B60093314F /* PBXContainerItemProxy */ = {
			isa = PBXContainerItemProxy;
			containerPortal = 204859EA26E324B60093314F /* SDL_mixer.xcodeproj */;
			proxyType = 2;
			remoteGlobalIDString = BE1FA95407AF96B2004B6283;
			remoteInfo = "libSDL_mixer-iOS";
		};
		204859F326E324B60093314F /* PBXContainerItemProxy */ = {
			isa = PBXContainerItemProxy;
			containerPortal = 204859EA26E324B60093314F /* SDL_mixer.xcodeproj */;
			proxyType = 2;
			remoteGlobalIDString = AA5314F11FE0FE2E0025C9BE;
			remoteInfo = "libSDL_mixer-tvOS";
		};
		204859FC26E324E90093314F /* PBXContainerItemProxy */ = {
			isa = PBXContainerItemProxy;
			containerPortal = 204859F526E324E90093314F /* SDL_ttf.xcodeproj */;
			proxyType = 2;
			remoteGlobalIDString = BE48FD6E07AFA17000BB41DA;
			remoteInfo = "libSDL_ttf-iOS";
		};
		204859FE26E324E90093314F /* PBXContainerItemProxy */ = {
			isa = PBXContainerItemProxy;
			containerPortal = 204859F526E324E90093314F /* SDL_ttf.xcodeproj */;
			proxyType = 2;
			remoteGlobalIDString = AA53152E1FE1016F0025C9BE;
			remoteInfo = "libSDL_ttf-tvOS";
		};
/* End PBXContainerItemProxy section */

/* Begin PBXFileReference section */
		2048590D26E310C30093314F /* DungeonRush4iOS.app */ = {isa = PBXFileReference; explicitFileType = wrapper.application; includeInIndex = 0; path = DungeonRush4iOS.app; sourceTree = BUILT_PRODUCTS_DIR; };
		2048595D26E313B90093314F /* Icon.png */ = {isa = PBXFileReference; lastKnownFileType = image.png; path = Icon.png; sourceTree = "<group>"; };
		2048595E26E313B90093314F /* iOS Launch Screen.storyboard */ = {isa = PBXFileReference; fileEncoding = 4; lastKnownFileType = file.storyboard; path = "iOS Launch Screen.storyboard"; sourceTree = "<group>"; };
		2048595F26E313B90093314F /* Default.png */ = {isa = PBXFileReference; lastKnownFileType = image.png; path = Default.png; sourceTree = "<group>"; };
		2048596026E313B90093314F /* Info.plist */ = {isa = PBXFileReference; fileEncoding = 4; lastKnownFileType = text.plist.xml; path = Info.plist; sourceTree = "<group>"; };
		2048596626E315DB0093314F /* AudioToolbox.framework */ = {isa = PBXFileReference; lastKnownFileType = wrapper.framework; name = AudioToolbox.framework; path = System/Library/Frameworks/AudioToolbox.framework; sourceTree = SDKROOT; };
		2048596826E315E50093314F /* AVFoundation.framework */ = {isa = PBXFileReference; lastKnownFileType = wrapper.framework; name = AVFoundation.framework; path = System/Library/Frameworks/AVFoundation.framework; sourceTree = SDKROOT; };
		2048596A26E315F80093314F /* CoreAudio.framework */ = {isa = PBXFileReference; lastKnownFileType = wrapper.framework; name = CoreAudio.framework; path = System/Library/Frameworks/CoreAudio.framework; sourceTree = SDKROOT; };
		2048596C26E316020093314F /* CoreGraphics.framework */ = {isa = PBXFileReference; lastKnownFileType = wrapper.framework; name = CoreGraphics.framework; path = System/Library/Frameworks/CoreGraphics.framework; sourceTree = SDKROOT; };
		2048596E26E316150093314F /* CoreHaptics.framework */ = {isa = PBXFileReference; lastKnownFileType = wrapper.framework; name = CoreHaptics.framework; path = System/Library/Frameworks/CoreHaptics.framework; sourceTree = SDKROOT; };
		2048597026E3162E0093314F /* CoreMotion.framework */ = {isa = PBXFileReference; lastKnownFileType = wrapper.framework; name = CoreMotion.framework; path = System/Library/Frameworks/CoreMotion.framework; sourceTree = SDKROOT; };
		2048597226E316350093314F /* Foundation.framework */ = {isa = PBXFileReference; lastKnownFileType = wrapper.framework; name = Foundation.framework; path = System/Library/Frameworks/Foundation.framework; sourceTree = SDKROOT; };
		2048597426E3164A0093314F /* GameController.framework */ = {isa = PBXFileReference; lastKnownFileType = wrapper.framework; name = GameController.framework; path = System/Library/Frameworks/GameController.framework; sourceTree = SDKROOT; };
		2048597626E316640093314F /* Metal.framework */ = {isa = PBXFileReference; lastKnownFileType = wrapper.framework; name = Metal.framework; path = System/Library/Frameworks/Metal.framework; sourceTree = SDKROOT; };
		2048597826E3166D0093314F /* OpenGLES.framework */ = {isa = PBXFileReference; lastKnownFileType = wrapper.framework; name = OpenGLES.framework; path = System/Library/Frameworks/OpenGLES.framework; sourceTree = SDKROOT; };
		2048597A26E3167C0093314F /* QuartzCore.framework */ = {isa = PBXFileReference; lastKnownFileType = wrapper.framework; name = QuartzCore.framework; path = System/Library/Frameworks/QuartzCore.framework; sourceTree = SDKROOT; };
		2048597C26E316820093314F /* UIKit.framework */ = {isa = PBXFileReference; lastKnownFileType = wrapper.framework; name = UIKit.framework; path = System/Library/Frameworks/UIKit.framework; sourceTree = SDKROOT; };
		2048598426E319220093314F /* Default-568h@2x.png */ = {isa = PBXFileReference; lastKnownFileType = image.png; path = "Default-568h@2x.png"; sourceTree = "<group>"; };
		2048598926E31B260093314F /* SDL.xcodeproj */ = {isa = PBXFileReference; lastKnownFileType = "wrapper.pb-project"; name = SDL.xcodeproj; path = "DungeonRush4iOS/SDL2-2.0.14/Xcode/SDL/SDL.xcodeproj"; sourceTree = "<group>"; };
		204859D726E322360093314F /* SDL_net.xcodeproj */ = {isa = PBXFileReference; lastKnownFileType = "wrapper.pb-project"; name = SDL_net.xcodeproj; path = "DungeonRush4iOS/SDL2_net-2.0.1/Xcode-iOS/SDL_net.xcodeproj"; sourceTree = "<group>"; };
		204859DD26E324490093314F /* SDL_image.xcodeproj */ = {isa = PBXFileReference; lastKnownFileType = "wrapper.pb-project"; name = SDL_image.xcodeproj; path = "DungeonRush4iOS/SDL2_image-2.0.5/Xcode-iOS/SDL_image.xcodeproj"; sourceTree = "<group>"; };
		204859EA26E324B60093314F /* SDL_mixer.xcodeproj */ = {isa = PBXFileReference; lastKnownFileType = "wrapper.pb-project"; name = SDL_mixer.xcodeproj; path = "DungeonRush4iOS/SDL2_mixer-2.0.4/Xcode-iOS/SDL_mixer.xcodeproj"; sourceTree = "<group>"; };
		204859F526E324E90093314F /* SDL_ttf.xcodeproj */ = {isa = PBXFileReference; lastKnownFileType = "wrapper.pb-project"; name = SDL_ttf.xcodeproj; path = "DungeonRush4iOS/SDL2_ttf-2.0.15/Xcode-iOS/SDL_ttf.xcodeproj"; sourceTree = "<group>"; };
		20485A1126E3263E0093314F /* prng.h */ = {isa = PBXFileReference; fileEncoding = 4; lastKnownFileType = sourcecode.c.h; path = prng.h; sourceTree = "<group>"; };
		20485A1226E3263E0093314F /* game.c */ = {isa = PBXFileReference; fileEncoding = 4; lastKnownFileType = sourcecode.c.c; path = game.c; sourceTree = "<group>"; };
		20485A1326E3263E0093314F /* sprite.c */ = {isa = PBXFileReference; fileEncoding = 4; lastKnownFileType = sourcecode.c.c; path = sprite.c; sourceTree = "<group>"; };
		20485A1426E3263E0093314F /* helper.h */ = {isa = PBXFileReference; fileEncoding = 4; lastKnownFileType = sourcecode.c.h; path = helper.h; sourceTree = "<group>"; };
		20485A1526E3263E0093314F /* bullet.c */ = {isa = PBXFileReference; fileEncoding = 4; lastKnownFileType = sourcecode.c.c; path = bullet.c; sourceTree = "<group>"; };
		20485A1626E3263E0093314F /* weapon.c */ = {isa = PBXFileReference; fileEncoding = 4; lastKnownFileType = sourcecode.c.c; path = weapon.c; sourceTree = "<group>"; };
		20485A1726E3263E0093314F /* net.h */ = {isa = PBXFileReference; fileEncoding = 4; lastKnownFileType = sourcecode.c.h; path = net.h; sourceTree = "<group>"; };
		20485A1826E3263E0093314F /* text.h */ = {isa = PBXFileReference; fileEncoding = 4; lastKnownFileType = sourcecode.c.h; path = text.h; sourceTree = "<group>"; };
		20485A1926E3263E0093314F /* ui.h */ = {isa = PBXFileReference; fileEncoding = 4; lastKnownFileType = sourcecode.c.h; path = ui.h; sourceTree = "<group>"; };
		20485A1A26E3263E0093314F /* map.h */ = {isa = PBXFileReference; fileEncoding = 4; lastKnownFileType = sourcecode.c.h; path = map.h; sourceTree = "<group>"; };
		20485A1B26E3263E0093314F /* res.c */ = {isa = PBXFileReference; fileEncoding = 4; lastKnownFileType = sourcecode.c.c; path = res.c; sourceTree = "<group>"; };
		20485A1C26E3263E0093314F /* storage.c */ = {isa = PBXFileReference; fileEncoding = 4; lastKnownFileType = sourcecode.c.c; path = storage.c; sourceTree = "<group>"; };
		20485A1D26E3263E0093314F /* types.h */ = {isa = PBXFileReference; fileEncoding = 4; lastKnownFileType = sourcecode.c.h; path = types.h; sourceTree = "<group>"; };
		20485A1E26E3263E0093314F /* ai.c */ = {isa = PBXFileReference; fileEncoding = 4; lastKnownFileType = sourcecode.c.c; path = ai.c; sourceTree = "<group>"; };
		20485A1F26E3263E0093314F /* player.h */ = {isa = PBXFileReference; fileEncoding = 4; lastKnownFileType = sourcecode.c.h; path = player.h; sourceTree = "<group>"; };
		20485A2026E3263E0093314F /* audio.h */ = {isa = PBXFileReference; fileEncoding = 4; lastKnownFileType = sourcecode.c.h; path = audio.h; sourceTree = "<group>"; };
		20485A2126E3263E0093314F /* render.c */ = {isa = PBXFileReference; fileEncoding = 4; lastKnownFileType = sourcecode.c.c; path = render.c; sourceTree = "<group>"; };
		20485A2226E3263E0093314F /* weapon.h */ = {isa = PBXFileReference; fileEncoding = 4; lastKnownFileType = sourcecode.c.h; path = weapon.h; sourceTree = "<group>"; };
		20485A2326E3263E0093314F /* helper.c */ = {isa = PBXFileReference; fileEncoding = 4; lastKnownFileType = sourcecode.c.c; path = helper.c; sourceTree = "<group>"; };
		20485A2426E3263E0093314F /* bullet.h */ = {isa = PBXFileReference; fileEncoding = 4; lastKnownFileType = sourcecode.c.h; path = bullet.h; sourceTree = "<group>"; };
		20485A2526E3263E0093314F /* game.h */ = {isa = PBXFileReference; fileEncoding = 4; lastKnownFileType = sourcecode.c.h; path = game.h; sourceTree = "<group>"; };
		20485A2626E3263E0093314F /* sprite.h */ = {isa = PBXFileReference; fileEncoding = 4; lastKnownFileType = sourcecode.c.h; path = sprite.h; sourceTree = "<group>"; };
		20485A2726E3263E0093314F /* main.c */ = {isa = PBXFileReference; fileEncoding = 4; lastKnownFileType = sourcecode.c.c; path = main.c; sourceTree = "<group>"; };
		20485A2826E3263E0093314F /* prng.c */ = {isa = PBXFileReference; fileEncoding = 4; lastKnownFileType = sourcecode.c.c; path = prng.c; sourceTree = "<group>"; };
		20485A2926E3263E0093314F /* res.h */ = {isa = PBXFileReference; fileEncoding = 4; lastKnownFileType = sourcecode.c.h; path = res.h; sourceTree = "<group>"; };
		20485A2A26E3263E0093314F /* ai.h */ = {isa = PBXFileReference; fileEncoding = 4; lastKnownFileType = sourcecode.c.h; path = ai.h; sourceTree = "<group>"; };
		20485A2B26E3263E0093314F /* types.c */ = {isa = PBXFileReference; fileEncoding = 4; lastKnownFileType = sourcecode.c.c; path = types.c; sourceTree = "<group>"; };
		20485A2C26E3263E0093314F /* storage.h */ = {isa = PBXFileReference; fileEncoding = 4; lastKnownFileType = sourcecode.c.h; path = storage.h; sourceTree = "<group>"; };
		20485A2D26E3263E0093314F /* map.c */ = {isa = PBXFileReference; fileEncoding = 4; lastKnownFileType = sourcecode.c.c; path = map.c; sourceTree = "<group>"; };
		20485A2E26E3263E0093314F /* net.c */ = {isa = PBXFileReference; fileEncoding = 4; lastKnownFileType = sourcecode.c.c; path = net.c; sourceTree = "<group>"; };
		20485A2F26E3263E0093314F /* ui.c */ = {isa = PBXFileReference; fileEncoding = 4; lastKnownFileType = sourcecode.c.c; path = ui.c; sourceTree = "<group>"; };
		20485A3026E3263E0093314F /* audio.c */ = {isa = PBXFileReference; fileEncoding = 4; lastKnownFileType = sourcecode.c.c; path = audio.c; sourceTree = "<group>"; };
		20485A3126E3263E0093314F /* render.h */ = {isa = PBXFileReference; fileEncoding = 4; lastKnownFileType = sourcecode.c.h; path = render.h; sourceTree = "<group>"; };
		20485A3226E3263E0093314F /* player.c */ = {isa = PBXFileReference; fileEncoding = 4; lastKnownFileType = sourcecode.c.c; path = player.c; sourceTree = "<group>"; };
		20485A3326E3263E0093314F /* adt.h */ = {isa = PBXFileReference; fileEncoding = 4; lastKnownFileType = sourcecode.c.h; path = adt.h; sourceTree = "<group>"; };
		20485A4526E326520093314F /* res */ = {isa = PBXFileReference; lastKnownFileType = folder; path = res; sourceTree = "<group>"; };
		20485A4726E328E70093314F /* libc++.tbd */ = {isa = PBXFileReference; lastKnownFileType = "sourcecode.text-based-dylib-definition"; name = "libc++.tbd"; path = "usr/lib/libc++.tbd"; sourceTree = SDKROOT; };
		20485A4926E329F80093314F /* ImageIO.framework */ = {isa = PBXFileReference; lastKnownFileType = wrapper.framework; name = ImageIO.framework; path = System/Library/Frameworks/ImageIO.framework; sourceTree = SDKROOT; };
		20485A4B26E32ABC0093314F /* FileProvider.framework */ = {isa = PBXFileReference; lastKnownFileType = wrapper.framework; name = FileProvider.framework; path = System/Library/Frameworks/FileProvider.framework; sourceTree = SDKROOT; };
		20485A4D26E32B9D0093314F /* MobileCoreServices.framework */ = {isa = PBXFileReference; lastKnownFileType = wrapper.framework; name = MobileCoreServices.framework; path = System/Library/Frameworks/MobileCoreServices.framework; sourceTree = SDKROOT; };
/* End PBXFileReference section */

/* Begin PBXFrameworksBuildPhase section */
		2048590A26E310C30093314F /* Frameworks */ = {
			isa = PBXFrameworksBuildPhase;
			buildActionMask = 2147483647;
			files = (
				204859B326E31B640093314F /* libSDL2.a in Frameworks */,
				2048596D26E316020093314F /* CoreGraphics.framework in Frameworks */,
				204859E826E324840093314F /* libSDL2_net.a in Frameworks */,
				2048597D26E316820093314F /* UIKit.framework in Frameworks */,
				2048597726E316640093314F /* Metal.framework in Frameworks */,
				2048598726E319570093314F /* OpenGLES.framework in Frameworks */,
				20485A4826E329170093314F /* libc++.tbd in Frameworks */,
				2048597126E3162E0093314F /* CoreMotion.framework in Frameworks */,
				2048597B26E3167C0093314F /* QuartzCore.framework in Frameworks */,
				2048597526E3164A0093314F /* GameController.framework in Frameworks */,
				2048596B26E315F80093314F /* CoreAudio.framework in Frameworks */,
				20485A0126E325070093314F /* libSDL2_ttf.a in Frameworks */,
				2048596F26E316150093314F /* CoreHaptics.framework in Frameworks */,
				20485A4E26E32B9D0093314F /* MobileCoreServices.framework in Frameworks */,
				204859E926E3248E0093314F /* libSDL2_image.a in Frameworks */,
				2048596926E315E50093314F /* AVFoundation.framework in Frameworks */,
				2048597326E316350093314F /* Foundation.framework in Frameworks */,
				20485A0026E325070093314F /* libSDL2_mixer.a in Frameworks */,
				2048596726E315DC0093314F /* AudioToolbox.framework in Frameworks */,
				20485A4A26E329F80093314F /* ImageIO.framework in Frameworks */,
			);
			runOnlyForDeploymentPostprocessing = 0;
		};
/* End PBXFrameworksBuildPhase section */

/* Begin PBXGroup section */
		2048590426E310C30093314F = {
			isa = PBXGroup;
			children = (
				204859F526E324E90093314F /* SDL_ttf.xcodeproj */,
				204859EA26E324B60093314F /* SDL_mixer.xcodeproj */,
				204859DD26E324490093314F /* SDL_image.xcodeproj */,
				204859D726E322360093314F /* SDL_net.xcodeproj */,
				2048598926E31B260093314F /* SDL.xcodeproj */,
				2048590F26E310C30093314F /* DungeonRush4iOS */,
				2048590E26E310C30093314F /* Products */,
				2048596526E315DB0093314F /* Frameworks */,
			);
			sourceTree = "<group>";
		};
		2048590E26E310C30093314F /* Products */ = {
			isa = PBXGroup;
			children = (
				2048590D26E310C30093314F /* DungeonRush4iOS.app */,
			);
			name = Products;
			sourceTree = "<group>";
		};
		2048590F26E310C30093314F /* DungeonRush4iOS */ = {
			isa = PBXGroup;
			children = (
				20485A4526E326520093314F /* res */,
				20485A1026E3263E0093314F /* src */,
				2048595C26E313B90093314F /* data */,
			);
			path = DungeonRush4iOS;
			sourceTree = "<group>";
		};
		2048595C26E313B90093314F /* data */ = {
			isa = PBXGroup;
			children = (
				2048598426E319220093314F /* Default-568h@2x.png */,
				2048595D26E313B90093314F /* Icon.png */,
				2048595E26E313B90093314F /* iOS Launch Screen.storyboard */,
				2048595F26E313B90093314F /* Default.png */,
				2048596026E313B90093314F /* Info.plist */,
			);
			path = data;
			sourceTree = "<group>";
		};
		2048596526E315DB0093314F /* Frameworks */ = {
			isa = PBXGroup;
			children = (
				20485A4D26E32B9D0093314F /* MobileCoreServices.framework */,
				20485A4B26E32ABC0093314F /* FileProvider.framework */,
				20485A4926E329F80093314F /* ImageIO.framework */,
				20485A4726E328E70093314F /* libc++.tbd */,
				2048597C26E316820093314F /* UIKit.framework */,
				2048597A26E3167C0093314F /* QuartzCore.framework */,
				2048597826E3166D0093314F /* OpenGLES.framework */,
				2048597626E316640093314F /* Metal.framework */,
				2048597426E3164A0093314F /* GameController.framework */,
				2048597226E316350093314F /* Foundation.framework */,
				2048597026E3162E0093314F /* CoreMotion.framework */,
				2048596E26E316150093314F /* CoreHaptics.framework */,
				2048596C26E316020093314F /* CoreGraphics.framework */,
				2048596A26E315F80093314F /* CoreAudio.framework */,
				2048596826E315E50093314F /* AVFoundation.framework */,
				2048596626E315DB0093314F /* AudioToolbox.framework */,
			);
			name = Frameworks;
			sourceTree = "<group>";
		};
		2048598A26E31B260093314F /* Products */ = {
			isa = PBXGroup;
			children = (
				2048599A26E31B260093314F /* SDL2.framework */,
				2048599C26E31B260093314F /* SDL2.framework */,
				2048599E26E31B260093314F /* SDL2.framework */,
				204859A026E31B260093314F /* libSDL2.a */,
				204859A226E31B260093314F /* libSDL2.a */,
				204859A426E31B260093314F /* libSDL2.a */,
				204859A626E31B260093314F /* libSDL2.dylib */,
				204859A826E31B260093314F /* libSDL2.dylib */,
				204859AA26E31B260093314F /* libSDL2.dylib */,
				204859AC26E31B260093314F /* SDL2 */,
				204859AE26E31B260093314F /* hidapi.framework */,
				204859B026E31B260093314F /* hidapi.framework */,
				204859B226E31B260093314F /* hidapi.framework */,
			);
			name = Products;
			sourceTree = "<group>";
		};
		204859D826E322360093314F /* Products */ = {
			isa = PBXGroup;
			children = (
				204859DC26E322360093314F /* libSDL2_net.a */,
			);
			name = Products;
			sourceTree = "<group>";
		};
		204859DE26E324490093314F /* Products */ = {
			isa = PBXGroup;
			children = (
				204859E526E324490093314F /* libSDL2_image.a */,
				204859E726E324490093314F /* libSDL2_image.a */,
			);
			name = Products;
			sourceTree = "<group>";
		};
		204859EB26E324B60093314F /* Products */ = {
			isa = PBXGroup;
			children = (
				204859F226E324B60093314F /* libSDL2_mixer.a */,
				204859F426E324B60093314F /* libSDL2_mixer.a */,
			);
			name = Products;
			sourceTree = "<group>";
		};
		204859F626E324E90093314F /* Products */ = {
			isa = PBXGroup;
			children = (
				204859FD26E324E90093314F /* libSDL2_ttf.a */,
				204859FF26E324E90093314F /* libSDL2_ttf.a */,
			);
			name = Products;
			sourceTree = "<group>";
		};
		20485A1026E3263E0093314F /* src */ = {
			isa = PBXGroup;
			children = (
				20485A2726E3263E0093314F /* main.c */,
				20485A2926E3263E0093314F /* res.h */,
				20485A1B26E3263E0093314F /* res.c */,
				20485A1D26E3263E0093314F /* types.h */,
				20485A2B26E3263E0093314F /* types.c */,
				20485A3326E3263E0093314F /* adt.h */,
				20485A1426E3263E0093314F /* helper.h */,
				20485A2326E3263E0093314F /* helper.c */,
				20485A1826E3263E0093314F /* text.h */,
				20485A1126E3263E0093314F /* prng.h */,
				20485A2826E3263E0093314F /* prng.c */,
				20485A1926E3263E0093314F /* ui.h */,
				20485A2F26E3263E0093314F /* ui.c */,
				20485A1A26E3263E0093314F /* map.h */,
				20485A2D26E3263E0093314F /* map.c */,
				20485A2526E3263E0093314F /* game.h */,
				20485A1226E3263E0093314F /* game.c */,
				20485A2A26E3263E0093314F /* ai.h */,
				20485A1E26E3263E0093314F /* ai.c */,
				20485A3126E3263E0093314F /* render.h */,
				20485A2126E3263E0093314F /* render.c */,
				20485A2626E3263E0093314F /* sprite.h */,
				20485A1326E3263E0093314F /* sprite.c */,
				20485A1F26E3263E0093314F /* player.h */,
				20485A3226E3263E0093314F /* player.c */,
				20485A2426E3263E0093314F /* bullet.h */,
				20485A1526E3263E0093314F /* bullet.c */,
				20485A2226E3263E0093314F /* weapon.h */,
				20485A1626E3263E0093314F /* weapon.c */,
				20485A2026E3263E0093314F /* audio.h */,
				20485A3026E3263E0093314F /* audio.c */,
				20485A2C26E3263E0093314F /* storage.h */,
				20485A1C26E3263E0093314F /* storage.c */,
				20485A1726E3263E0093314F /* net.h */,
				20485A2E26E3263E0093314F /* net.c */,
			);
			path = src;
			sourceTree = "<group>";
		};
/* End PBXGroup section */

/* Begin PBXNativeTarget section */
		2048590C26E310C30093314F /* DungeonRush4iOS */ = {
			isa = PBXNativeTarget;
			buildConfigurationList = 2048592626E310C50093314F /* Build configuration list for PBXNativeTarget "DungeonRush4iOS" */;
			buildPhases = (
				2048590926E310C30093314F /* Sources */,
				2048590A26E310C30093314F /* Frameworks */,
				2048590B26E310C30093314F /* Resources */,
			);
			buildRules = (
			);
			dependencies = (
			);
			name = DungeonRush4iOS;
			productName = DungeonRush4iOS;
			productReference = 2048590D26E310C30093314F /* DungeonRush4iOS.app */;
			productType = "com.apple.product-type.application";
		};
/* End PBXNativeTarget section */

/* Begin PBXProject section */
		2048590526E310C30093314F /* Project object */ = {
			isa = PBXProject;
			attributes = {
				LastUpgradeCheck = 1170;
				ORGANIZATIONNAME = vin;
				TargetAttributes = {
					2048590C26E310C30093314F = {
						CreatedOnToolsVersion = 11.7;
					};
				};
			};
			buildConfigurationList = 2048590826E310C30093314F /* Build configuration list for PBXProject "DungeonRush4iOS" */;
			compatibilityVersion = "Xcode 9.3";
			developmentRegion = en;
			hasScannedForEncodings = 0;
			knownRegions = (
				en,
				Base,
			);
			mainGroup = 2048590426E310C30093314F;
			productRefGroup = 2048590E26E310C30093314F /* Products */;
			projectDirPath = "";
			projectReferences = (
				{
					ProductGroup = 2048598A26E31B260093314F /* Products */;
					ProjectRef = 2048598926E31B260093314F /* SDL.xcodeproj */;
				},
				{
					ProductGroup = 204859DE26E324490093314F /* Products */;
					ProjectRef = 204859DD26E324490093314F /* SDL_image.xcodeproj */;
				},
				{
					ProductGroup = 204859EB26E324B60093314F /* Products */;
					ProjectRef = 204859EA26E324B60093314F /* SDL_mixer.xcodeproj */;
				},
				{
					ProductGroup = 204859D826E322360093314F /* Products */;
					ProjectRef = 204859D726E322360093314F /* SDL_net.xcodeproj */;
				},
				{
					ProductGroup = 204859F626E324E90093314F /* Products */;
					ProjectRef = 204859F526E324E90093314F /* SDL_ttf.xcodeproj */;
				},
			);
			projectRoot = "";
			targets = (
				2048590C26E310C30093314F /* DungeonRush4iOS */,
			);
		};
/* End PBXProject section */

/* Begin PBXReferenceProxy section */
		2048599A26E31B260093314F /* SDL2.framework */ = {
			isa = PBXReferenceProxy;
			fileType = wrapper.framework;
			path = SDL2.framework;
			remoteRef = 2048599926E31B260093314F /* PBXContainerItemProxy */;
			sourceTree = BUILT_PRODUCTS_DIR;
		};
		2048599C26E31B260093314F /* SDL2.framework */ = {
			isa = PBXReferenceProxy;
			fileType = wrapper.framework;
			path = SDL2.framework;
			remoteRef = 2048599B26E31B260093314F /* PBXContainerItemProxy */;
			sourceTree = BUILT_PRODUCTS_DIR;
		};
		2048599E26E31B260093314F /* SDL2.framework */ = {
			isa = PBXReferenceProxy;
			fileType = wrapper.framework;
			path = SDL2.framework;
			remoteRef = 2048599D26E31B260093314F /* PBXContainerItemProxy */;
			sourceTree = BUILT_PRODUCTS_DIR;
		};
		204859A026E31B260093314F /* libSDL2.a */ = {
			isa = PBXReferenceProxy;
			fileType = archive.ar;
			path = libSDL2.a;
			remoteRef = 2048599F26E31B260093314F /* PBXContainerItemProxy */;
			sourceTree = BUILT_PRODUCTS_DIR;
		};
		204859A226E31B260093314F /* libSDL2.a */ = {
			isa = PBXReferenceProxy;
			fileType = archive.ar;
			path = libSDL2.a;
			remoteRef = 204859A126E31B260093314F /* PBXContainerItemProxy */;
			sourceTree = BUILT_PRODUCTS_DIR;
		};
		204859A426E31B260093314F /* libSDL2.a */ = {
			isa = PBXReferenceProxy;
			fileType = archive.ar;
			path = libSDL2.a;
			remoteRef = 204859A326E31B260093314F /* PBXContainerItemProxy */;
			sourceTree = BUILT_PRODUCTS_DIR;
		};
		204859A626E31B260093314F /* libSDL2.dylib */ = {
			isa = PBXReferenceProxy;
			fileType = "compiled.mach-o.dylib";
			path = libSDL2.dylib;
			remoteRef = 204859A526E31B260093314F /* PBXContainerItemProxy */;
			sourceTree = BUILT_PRODUCTS_DIR;
		};
		204859A826E31B260093314F /* libSDL2.dylib */ = {
			isa = PBXReferenceProxy;
			fileType = "compiled.mach-o.dylib";
			path = libSDL2.dylib;
			remoteRef = 204859A726E31B260093314F /* PBXContainerItemProxy */;
			sourceTree = BUILT_PRODUCTS_DIR;
		};
		204859AA26E31B260093314F /* libSDL2.dylib */ = {
			isa = PBXReferenceProxy;
			fileType = "compiled.mach-o.dylib";
			path = libSDL2.dylib;
			remoteRef = 204859A926E31B260093314F /* PBXContainerItemProxy */;
			sourceTree = BUILT_PRODUCTS_DIR;
		};
		204859AC26E31B260093314F /* SDL2 */ = {
			isa = PBXReferenceProxy;
			fileType = "compiled.mach-o.executable";
			path = SDL2;
			remoteRef = 204859AB26E31B260093314F /* PBXContainerItemProxy */;
			sourceTree = BUILT_PRODUCTS_DIR;
		};
		204859AE26E31B260093314F /* hidapi.framework */ = {
			isa = PBXReferenceProxy;
			fileType = wrapper.framework;
			path = hidapi.framework;
			remoteRef = 204859AD26E31B260093314F /* PBXContainerItemProxy */;
			sourceTree = BUILT_PRODUCTS_DIR;
		};
		204859B026E31B260093314F /* hidapi.framework */ = {
			isa = PBXReferenceProxy;
			fileType = wrapper.framework;
			path = hidapi.framework;
			remoteRef = 204859AF26E31B260093314F /* PBXContainerItemProxy */;
			sourceTree = BUILT_PRODUCTS_DIR;
		};
		204859B226E31B260093314F /* hidapi.framework */ = {
			isa = PBXReferenceProxy;
			fileType = wrapper.framework;
			path = hidapi.framework;
			remoteRef = 204859B126E31B260093314F /* PBXContainerItemProxy */;
			sourceTree = BUILT_PRODUCTS_DIR;
		};
		204859DC26E322360093314F /* libSDL2_net.a */ = {
			isa = PBXReferenceProxy;
			fileType = archive.ar;
			path = libSDL2_net.a;
			remoteRef = 204859DB26E322360093314F /* PBXContainerItemProxy */;
			sourceTree = BUILT_PRODUCTS_DIR;
		};
		204859E526E324490093314F /* libSDL2_image.a */ = {
			isa = PBXReferenceProxy;
			fileType = archive.ar;
			path = libSDL2_image.a;
			remoteRef = 204859E426E324490093314F /* PBXContainerItemProxy */;
			sourceTree = BUILT_PRODUCTS_DIR;
		};
		204859E726E324490093314F /* libSDL2_image.a */ = {
			isa = PBXReferenceProxy;
			fileType = archive.ar;
			path = libSDL2_image.a;
			remoteRef = 204859E626E324490093314F /* PBXContainerItemProxy */;
			sourceTree = BUILT_PRODUCTS_DIR;
		};
		204859F226E324B60093314F /* libSDL2_mixer.a */ = {
			isa = PBXReferenceProxy;
			fileType = archive.ar;
			path = libSDL2_mixer.a;
			remoteRef = 204859F126E324B60093314F /* PBXContainerItemProxy */;
			sourceTree = BUILT_PRODUCTS_DIR;
		};
		204859F426E324B60093314F /* libSDL2_mixer.a */ = {
			isa = PBXReferenceProxy;
			fileType = archive.ar;
			path = libSDL2_mixer.a;
			remoteRef = 204859F326E324B60093314F /* PBXContainerItemProxy */;
			sourceTree = BUILT_PRODUCTS_DIR;
		};
		204859FD26E324E90093314F /* libSDL2_ttf.a */ = {
			isa = PBXReferenceProxy;
			fileType = archive.ar;
			path = libSDL2_ttf.a;
			remoteRef = 204859FC26E324E90093314F /* PBXContainerItemProxy */;
			sourceTree = BUILT_PRODUCTS_DIR;
		};
		204859FF26E324E90093314F /* libSDL2_ttf.a */ = {
			isa = PBXReferenceProxy;
			fileType = archive.ar;
			path = libSDL2_ttf.a;
			remoteRef = 204859FE26E324E90093314F /* PBXContainerItemProxy */;
			sourceTree = BUILT_PRODUCTS_DIR;
		};
/* End PBXReferenceProxy section */

/* Begin PBXResourcesBuildPhase section */
		2048590B26E310C30093314F /* Resources */ = {
			isa = PBXResourcesBuildPhase;
			buildActionMask = 2147483647;
			files = (
				2048596126E313B90093314F /* Icon.png in Resources */,
				2048598526E319220093314F /* Default-568h@2x.png in Resources */,
				2048596326E313B90093314F /* Default.png in Resources */,
				20485A4626E326520093314F /* res in Resources */,
				2048596226E313B90093314F /* iOS Launch Screen.storyboard in Resources */,
			);
			runOnlyForDeploymentPostprocessing = 0;
		};
/* End PBXResourcesBuildPhase section */

/* Begin PBXSourcesBuildPhase section */
		2048590926E310C30093314F /* Sources */ = {
			isa = PBXSourcesBuildPhase;
			buildActionMask = 2147483647;
			files = (
				20485A4226E3263E0093314F /* ui.c in Sources */,
				20485A3E26E3263E0093314F /* prng.c in Sources */,
				20485A3F26E3263E0093314F /* types.c in Sources */,
				20485A3526E3263E0093314F /* sprite.c in Sources */,
				20485A3426E3263E0093314F /* game.c in Sources */,
				20485A4426E3263E0093314F /* player.c in Sources */,
				20485A3B26E3263E0093314F /* render.c in Sources */,
				20485A3726E3263E0093314F /* weapon.c in Sources */,
				20485A3826E3263E0093314F /* res.c in Sources */,
				20485A3A26E3263E0093314F /* ai.c in Sources */,
				20485A3D26E3263E0093314F /* main.c in Sources */,
				20485A4326E3263E0093314F /* audio.c in Sources */,
				20485A3626E3263E0093314F /* bullet.c in Sources */,
				20485A4026E3263E0093314F /* map.c in Sources */,
				20485A4126E3263E0093314F /* net.c in Sources */,
				20485A3926E3263E0093314F /* storage.c in Sources */,
				20485A3C26E3263E0093314F /* helper.c in Sources */,
			);
			runOnlyForDeploymentPostprocessing = 0;
		};
/* End PBXSourcesBuildPhase section */

/* Begin XCBuildConfiguration section */
		2048592426E310C50093314F /* Debug */ = {
			isa = XCBuildConfiguration;
			buildSettings = {
				ALWAYS_SEARCH_USER_PATHS = NO;
				CLANG_ANALYZER_NONNULL = YES;
				CLANG_ANALYZER_NUMBER_OBJECT_CONVERSION = YES_AGGRESSIVE;
				CLANG_CXX_LANGUAGE_STANDARD = "gnu++14";
				CLANG_CXX_LIBRARY = "libc++";
				CLANG_ENABLE_MODULES = YES;
				CLANG_ENABLE_OBJC_ARC = YES;
				CLANG_ENABLE_OBJC_WEAK = YES;
				CLANG_WARN_BLOCK_CAPTURE_AUTORELEASING = YES;
				CLANG_WARN_BOOL_CONVERSION = YES;
				CLANG_WARN_COMMA = YES;
				CLANG_WARN_CONSTANT_CONVERSION = YES;
				CLANG_WARN_DEPRECATED_OBJC_IMPLEMENTATIONS = YES;
				CLANG_WARN_DIRECT_OBJC_ISA_USAGE = YES_ERROR;
				CLANG_WARN_DOCUMENTATION_COMMENTS = YES;
				CLANG_WARN_EMPTY_BODY = YES;
				CLANG_WARN_ENUM_CONVERSION = YES;
				CLANG_WARN_INFINITE_RECURSION = YES;
				CLANG_WARN_INT_CONVERSION = YES;
				CLANG_WARN_NON_LITERAL_NULL_CONVERSION = YES;
				CLANG_WARN_OBJC_IMPLICIT_RETAIN_SELF = YES;
				CLANG_WARN_OBJC_LITERAL_CONVERSION = YES;
				CLANG_WARN_OBJC_ROOT_CLASS = YES_ERROR;
				CLANG_WARN_RANGE_LOOP_ANALYSIS = YES;
				CLANG_WARN_STRICT_PROTOTYPES = YES;
				CLANG_WARN_SUSPICIOUS_MOVE = YES;
				CLANG_WARN_UNGUARDED_AVAILABILITY = YES_AGGRESSIVE;
				CLANG_WARN_UNREACHABLE_CODE = YES;
				CLANG_WARN__DUPLICATE_METHOD_MATCH = YES;
				COPY_PHASE_STRIP = NO;
				DEBUG_INFORMATION_FORMAT = dwarf;
				ENABLE_STRICT_OBJC_MSGSEND = YES;
				ENABLE_TESTABILITY = YES;
				GCC_C_LANGUAGE_STANDARD = gnu11;
				GCC_DYNAMIC_NO_PIC = NO;
				GCC_NO_COMMON_BLOCKS = YES;
				GCC_OPTIMIZATION_LEVEL = 0;
				GCC_PREPROCESSOR_DEFINITIONS = (
					"DEBUG=1",
					"$(inherited)",
				);
				GCC_WARN_64_TO_32_BIT_CONVERSION = YES;
				GCC_WARN_ABOUT_RETURN_TYPE = YES_ERROR;
				GCC_WARN_UNDECLARED_SELECTOR = YES;
				GCC_WARN_UNINITIALIZED_AUTOS = YES_AGGRESSIVE;
				GCC_WARN_UNUSED_FUNCTION = YES;
				GCC_WARN_UNUSED_VARIABLE = YES;
				HEADER_SEARCH_PATHS = (
					"$(PROJECT_DIR)/DungeonRush4iOS/SDL/include/",
					"$(PROJECT_DIR)/DungeonRush4iOS/",
					"$(PROJECT_DIR)/DungeonRush4iOS/SDL2_image-2.0.5/",
					"$(PROJECT_DIR)/DungeonRush4iOS/SDL2_mixer-2.0.4/",
					"$(PROJECT_DIR)/DungeonRush4iOS/SDL2_net-2.0.1/",
					"$(PROJECT_DIR)/DungeonRush4iOS/SDL2_ttf-2.0.15/",
				);
				IPHONEOS_DEPLOYMENT_TARGET = 8.0;
				MTL_ENABLE_DEBUG_INFO = INCLUDE_SOURCE;
				MTL_FAST_MATH = YES;
				ONLY_ACTIVE_ARCH = YES;
				SDKROOT = iphoneos;
			};
			name = Debug;
		};
		2048592526E310C50093314F /* Release */ = {
			isa = XCBuildConfiguration;
			buildSettings = {
				ALWAYS_SEARCH_USER_PATHS = NO;
				CLANG_ANALYZER_NONNULL = YES;
				CLANG_ANALYZER_NUMBER_OBJECT_CONVERSION = YES_AGGRESSIVE;
				CLANG_CXX_LANGUAGE_STANDARD = "gnu++14";
				CLANG_CXX_LIBRARY = "libc++";
				CLANG_ENABLE_MODULES = YES;
				CLANG_ENABLE_OBJC_ARC = YES;
				CLANG_ENABLE_OBJC_WEAK = YES;
				CLANG_WARN_BLOCK_CAPTURE_AUTORELEASING = YES;
				CLANG_WARN_BOOL_CONVERSION = YES;
				CLANG_WARN_COMMA = YES;
				CLANG_WARN_CONSTANT_CONVERSION = YES;
				CLANG_WARN_DEPRECATED_OBJC_IMPLEMENTATIONS = YES;
				CLANG_WARN_DIRECT_OBJC_ISA_USAGE = YES_ERROR;
				CLANG_WARN_DOCUMENTATION_COMMENTS = YES;
				CLANG_WARN_EMPTY_BODY = YES;
				CLANG_WARN_ENUM_CONVERSION = YES;
				CLANG_WARN_INFINITE_RECURSION = YES;
				CLANG_WARN_INT_CONVERSION = YES;
				CLANG_WARN_NON_LITERAL_NULL_CONVERSION = YES;
				CLANG_WARN_OBJC_IMPLICIT_RETAIN_SELF = YES;
				CLANG_WARN_OBJC_LITERAL_CONVERSION = YES;
				CLANG_WARN_OBJC_ROOT_CLASS = YES_ERROR;
				CLANG_WARN_RANGE_LOOP_ANALYSIS = YES;
				CLANG_WARN_STRICT_PROTOTYPES = YES;
				CLANG_WARN_SUSPICIOUS_MOVE = YES;
				CLANG_WARN_UNGUARDED_AVAILABILITY = YES_AGGRESSIVE;
				CLANG_WARN_UNREACHABLE_CODE = YES;
				CLANG_WARN__DUPLICATE_METHOD_MATCH = YES;
				COPY_PHASE_STRIP = NO;
				DEBUG_INFORMATION_FORMAT = "dwarf-with-dsym";
				ENABLE_NS_ASSERTIONS = NO;
				ENABLE_STRICT_OBJC_MSGSEND = YES;
				GCC_C_LANGUAGE_STANDARD = gnu11;
				GCC_NO_COMMON_BLOCKS = YES;
				GCC_WARN_64_TO_32_BIT_CONVERSION = YES;
				GCC_WARN_ABOUT_RETURN_TYPE = YES_ERROR;
				GCC_WARN_UNDECLARED_SELECTOR = YES;
				GCC_WARN_UNINITIALIZED_AUTOS = YES_AGGRESSIVE;
				GCC_WARN_UNUSED_FUNCTION = YES;
				GCC_WARN_UNUSED_VARIABLE = YES;
				HEADER_SEARCH_PATHS = (
					"$(PROJECT_DIR)/DungeonRush4iOS/SDL/include/",
					"$(PROJECT_DIR)/DungeonRush4iOS/",
					"$(PROJECT_DIR)/DungeonRush4iOS/SDL2_image-2.0.5/",
					"$(PROJECT_DIR)/DungeonRush4iOS/SDL2_mixer-2.0.4/",
					"$(PROJECT_DIR)/DungeonRush4iOS/SDL2_net-2.0.1/",
					"$(PROJECT_DIR)/DungeonRush4iOS/SDL2_ttf-2.0.15/",
				);
				IPHONEOS_DEPLOYMENT_TARGET = 8.0;
				MTL_ENABLE_DEBUG_INFO = NO;
				MTL_FAST_MATH = YES;
				SDKROOT = iphoneos;
				VALIDATE_PRODUCT = YES;
			};
			name = Release;
		};
		2048592726E310C50093314F /* Debug */ = {
			isa = XCBuildConfiguration;
			buildSettings = {
				CODE_SIGN_STYLE = Automatic;
				CURRENT_PROJECT_VERSION = 0.5;
				DEVELOPMENT_TEAM = 92MPBCZ793;
				INFOPLIST_FILE = DungeonRush4iOS/data/Info.plist;
				LD_RUNPATH_SEARCH_PATHS = (
					"$(inherited)",
					"@executable_path/Frameworks",
				);
				MACOSX_DEPLOYMENT_TARGET = 10.6;
				MARKETING_VERSION = 0.5;
				PRODUCT_BUNDLE_IDENTIFIER = com.vin.DungeonRush4iOS;
				PRODUCT_NAME = "$(TARGET_NAME)";
				TARGETED_DEVICE_FAMILY = "1,2";
				TVOS_DEPLOYMENT_TARGET = 9.0;
				WATCHOS_DEPLOYMENT_TARGET = 2.0;
			};
			name = Debug;
		};
		2048592826E310C50093314F /* Release */ = {
			isa = XCBuildConfiguration;
			buildSettings = {
				CODE_SIGN_STYLE = Automatic;
				CURRENT_PROJECT_VERSION = 0.5;
				DEVELOPMENT_TEAM = 92MPBCZ793;
				INFOPLIST_FILE = DungeonRush4iOS/data/Info.plist;
				LD_RUNPATH_SEARCH_PATHS = (
					"$(inherited)",
					"@executable_path/Frameworks",
				);
				MACOSX_DEPLOYMENT_TARGET = 10.6;
				MARKETING_VERSION = 0.5;
				PRODUCT_BUNDLE_IDENTIFIER = com.vin.DungeonRush4iOS;
				PRODUCT_NAME = "$(TARGET_NAME)";
				TARGETED_DEVICE_FAMILY = "1,2";
				TVOS_DEPLOYMENT_TARGET = 9.0;
				WATCHOS_DEPLOYMENT_TARGET = 2.0;
			};
			name = Release;
		};
/* End XCBuildConfiguration section */

/* Begin XCConfigurationList section */
		2048590826E310C30093314F /* Build configuration list for PBXProject "DungeonRush4iOS" */ = {
			isa = XCConfigurationList;
			buildConfigurations = (
				2048592426E310C50093314F /* Debug */,
				2048592526E310C50093314F /* Release */,
			);
			defaultConfigurationIsVisible = 0;
			defaultConfigurationName = Release;
		};
		2048592626E310C50093314F /* Build configuration list for PBXNativeTarget "DungeonRush4iOS" */ = {
			isa = XCConfigurationList;
			buildConfigurations = (
				2048592726E310C50093314F /* Debug */,
				2048592826E310C50093314F /* Release */,
			);
			defaultConfigurationIsVisible = 0;
			defaultConfigurationName = Release;
		};
/* End XCConfigurationList section */
	};
	rootObject = 2048590526E310C30093314F /* Project object */;
}
